// !$*UTF8*$!
{
	archiveVersion = 1;
	classes = {
	};
	objectVersion = 50;
	objects = {

/* Begin PBXBuildFile section */
		C4DE084724FA471500C34041 /* AppDelegate.swift in Sources */ = {isa = PBXBuildFile; fileRef = C4DE084624FA471500C34041 /* AppDelegate.swift */; };
		C4DE084924FA471500C34041 /* SceneDelegate.swift in Sources */ = {isa = PBXBuildFile; fileRef = C4DE084824FA471500C34041 /* SceneDelegate.swift */; };
		C4DE084B24FA471500C34041 /* LogInViewController.swift in Sources */ = {isa = PBXBuildFile; fileRef = C4DE084A24FA471500C34041 /* LogInViewController.swift */; };
		C4DE084E24FA471500C34041 /* Main.storyboard in Resources */ = {isa = PBXBuildFile; fileRef = C4DE084C24FA471500C34041 /* Main.storyboard */; };
		C4DE085024FA471700C34041 /* Assets.xcassets in Resources */ = {isa = PBXBuildFile; fileRef = C4DE084F24FA471700C34041 /* Assets.xcassets */; };
		C4DE085324FA471700C34041 /* LaunchScreen.storyboard in Resources */ = {isa = PBXBuildFile; fileRef = C4DE085124FA471700C34041 /* LaunchScreen.storyboard */; };
		C4DE085B24FA53B700C34041 /* UserInfo.swift in Sources */ = {isa = PBXBuildFile; fileRef = C4DE085A24FA53B700C34041 /* UserInfo.swift */; };
		C4DE086224FA717700C34041 /* WelcomeViewController.swift in Sources */ = {isa = PBXBuildFile; fileRef = C4DE086124FA717700C34041 /* WelcomeViewController.swift */; };
/* End PBXBuildFile section */

/* Begin PBXFileReference section */
		C4DE084324FA471500C34041 /* AboutMe App.app */ = {isa = PBXFileReference; explicitFileType = wrapper.application; includeInIndex = 0; path = "AboutMe App.app"; sourceTree = BUILT_PRODUCTS_DIR; };
		C4DE084624FA471500C34041 /* AppDelegate.swift */ = {isa = PBXFileReference; lastKnownFileType = sourcecode.swift; path = AppDelegate.swift; sourceTree = "<group>"; };
		C4DE084824FA471500C34041 /* SceneDelegate.swift */ = {isa = PBXFileReference; lastKnownFileType = sourcecode.swift; path = SceneDelegate.swift; sourceTree = "<group>"; };
		C4DE084A24FA471500C34041 /* LogInViewController.swift */ = {isa = PBXFileReference; lastKnownFileType = sourcecode.swift; path = LogInViewController.swift; sourceTree = "<group>"; };
		C4DE084D24FA471500C34041 /* Base */ = {isa = PBXFileReference; lastKnownFileType = file.storyboard; name = Base; path = Base.lproj/Main.storyboard; sourceTree = "<group>"; };
		C4DE084F24FA471700C34041 /* Assets.xcassets */ = {isa = PBXFileReference; lastKnownFileType = folder.assetcatalog; path = Assets.xcassets; sourceTree = "<group>"; };
		C4DE085224FA471700C34041 /* Base */ = {isa = PBXFileReference; lastKnownFileType = file.storyboard; name = Base; path = Base.lproj/LaunchScreen.storyboard; sourceTree = "<group>"; };
		C4DE085424FA471700C34041 /* Info.plist */ = {isa = PBXFileReference; lastKnownFileType = text.plist.xml; path = Info.plist; sourceTree = "<group>"; };
		C4DE085A24FA53B700C34041 /* UserInfo.swift */ = {isa = PBXFileReference; lastKnownFileType = sourcecode.swift; path = UserInfo.swift; sourceTree = "<group>"; };
		C4DE086124FA717700C34041 /* WelcomeViewController.swift */ = {isa = PBXFileReference; lastKnownFileType = sourcecode.swift; path = WelcomeViewController.swift; sourceTree = "<group>"; };
/* End PBXFileReference section */

/* Begin PBXFrameworksBuildPhase section */
		C4DE084024FA471500C34041 /* Frameworks */ = {
			isa = PBXFrameworksBuildPhase;
			buildActionMask = 2147483647;
			files = (
			);
			runOnlyForDeploymentPostprocessing = 0;
		};
/* End PBXFrameworksBuildPhase section */

/* Begin PBXGroup section */
		C4DE083A24FA471500C34041 = {
			isa = PBXGroup;
			children = (
				C4DE084524FA471500C34041 /* AboutMe App */,
				C4DE084424FA471500C34041 /* Products */,
			);
			sourceTree = "<group>";
		};
		C4DE084424FA471500C34041 /* Products */ = {
			isa = PBXGroup;
			children = (
				C4DE084324FA471500C34041 /* AboutMe App.app */,
			);
			name = Products;
			sourceTree = "<group>";
		};
		C4DE084524FA471500C34041 /* AboutMe App */ = {
			isa = PBXGroup;
			children = (
				C4DE085A24FA53B700C34041 /* UserInfo.swift */,
				C4DE085C24FA6E8100C34041 /* ViewControllers */,
				C4DE085E24FA6FCC00C34041 /* Storyboards */,
				C4DE084F24FA471700C34041 /* Assets.xcassets */,
				C4DE085D24FA6EA600C34041 /* SuppotingFiles */,
			);
			path = "AboutMe App";
			sourceTree = "<group>";
		};
		C4DE085C24FA6E8100C34041 /* ViewControllers */ = {
			isa = PBXGroup;
			children = (
				C4DE084A24FA471500C34041 /* LogInViewController.swift */,
				C4DE086124FA717700C34041 /* WelcomeViewController.swift */,
			);
			path = ViewControllers;
			sourceTree = "<group>";
		};
		C4DE085D24FA6EA600C34041 /* SuppotingFiles */ = {
			isa = PBXGroup;
			children = (
				C4DE084624FA471500C34041 /* AppDelegate.swift */,
				C4DE084824FA471500C34041 /* SceneDelegate.swift */,
				C4DE085424FA471700C34041 /* Info.plist */,
			);
			path = SuppotingFiles;
			sourceTree = "<group>";
		};
		C4DE085E24FA6FCC00C34041 /* Storyboards */ = {
			isa = PBXGroup;
			children = (
				C4DE084C24FA471500C34041 /* Main.storyboard */,
				C4DE085124FA471700C34041 /* LaunchScreen.storyboard */,
			);
			path = Storyboards;
			sourceTree = "<group>";
		};
/* End PBXGroup section */

/* Begin PBXNativeTarget section */
		C4DE084224FA471500C34041 /* AboutMe App */ = {
			isa = PBXNativeTarget;
			buildConfigurationList = C4DE085724FA471700C34041 /* Build configuration list for PBXNativeTarget "AboutMe App" */;
			buildPhases = (
				C4DE083F24FA471500C34041 /* Sources */,
				C4DE084024FA471500C34041 /* Frameworks */,
				C4DE084124FA471500C34041 /* Resources */,
			);
			buildRules = (
			);
			dependencies = (
			);
			name = "AboutMe App";
			productName = "AboutMe App";
			productReference = C4DE084324FA471500C34041 /* AboutMe App.app */;
			productType = "com.apple.product-type.application";
		};
/* End PBXNativeTarget section */

/* Begin PBXProject section */
		C4DE083B24FA471500C34041 /* Project object */ = {
			isa = PBXProject;
			attributes = {
				LastSwiftUpdateCheck = 1160;
				LastUpgradeCheck = 1160;
				ORGANIZATIONNAME = Yaroslav;
				TargetAttributes = {
					C4DE084224FA471500C34041 = {
						CreatedOnToolsVersion = 11.6;
					};
				};
			};
			buildConfigurationList = C4DE083E24FA471500C34041 /* Build configuration list for PBXProject "AboutMe App" */;
			compatibilityVersion = "Xcode 9.3";
			developmentRegion = en;
			hasScannedForEncodings = 0;
			knownRegions = (
				en,
				Base,
			);
			mainGroup = C4DE083A24FA471500C34041;
			productRefGroup = C4DE084424FA471500C34041 /* Products */;
			projectDirPath = "";
			projectRoot = "";
			targets = (
				C4DE084224FA471500C34041 /* AboutMe App */,
			);
		};
/* End PBXProject section */

/* Begin PBXResourcesBuildPhase section */
		C4DE084124FA471500C34041 /* Resources */ = {
			isa = PBXResourcesBuildPhase;
			buildActionMask = 2147483647;
			files = (
				C4DE085324FA471700C34041 /* LaunchScreen.storyboard in Resources */,
				C4DE085024FA471700C34041 /* Assets.xcassets in Resources */,
				C4DE084E24FA471500C34041 /* Main.storyboard in Resources */,
			);
			runOnlyForDeploymentPostprocessing = 0;
		};
/* End PBXResourcesBuildPhase section */

/* Begin PBXSourcesBuildPhase section */
		C4DE083F24FA471500C34041 /* Sources */ = {
			isa = PBXSourcesBuildPhase;
			buildActionMask = 2147483647;
			files = (
				C4DE084B24FA471500C34041 /* LogInViewController.swift in Sources */,
				C4DE086224FA717700C34041 /* WelcomeViewController.swift in Sources */,
				C4DE084724FA471500C34041 /* AppDelegate.swift in Sources */,
				C4DE085B24FA53B700C34041 /* UserInfo.swift in Sources */,
				C4DE084924FA471500C34041 /* SceneDelegate.swift in Sources */,
			);
			runOnlyForDeploymentPostprocessing = 0;
		};
/* End PBXSourcesBuildPhase section */

/* Begin PBXVariantGroup section */
		C4DE084C24FA471500C34041 /* Main.storyboard */ = {
			isa = PBXVariantGroup;
			children = (
				C4DE084D24FA471500C34041 /* Base */,
			);
			name = Main.storyboard;
			sourceTree = "<group>";
		};
		C4DE085124FA471700C34041 /* LaunchScreen.storyboard */ = {
			isa = PBXVariantGroup;
			children = (
				C4DE085224FA471700C34041 /* Base */,
			);
			name = LaunchScreen.storyboard;
			sourceTree = "<group>";
		};
/* End PBXVariantGroup section */

/* Begin XCBuildConfiguration section */
		C4DE085524FA471700C34041 /* Debug */ = {
			isa = XCBuildConfiguration;
			buildSettings = {
				ALWAYS_SEARCH_USER_PATHS = NO;
				CLANG_ANALYZER_NONNULL = YES;
				CLANG_ANALYZER_NUMBER_OBJECT_CONVERSION = YES_AGGRESSIVE;
				CLANG_CXX_LANGUAGE_STANDARD = "gnu++14";
				CLANG_CXX_LIBRARY = "libc++";
				CLANG_ENABLE_MODULES = YES;
				CLANG_ENABLE_OBJC_ARC = YES;
				CLANG_ENABLE_OBJC_WEAK = YES;
				CLANG_WARN_BLOCK_CAPTURE_AUTORELEASING = YES;
				CLANG_WARN_BOOL_CONVERSION = YES;
				CLANG_WARN_COMMA = YES;
				CLANG_WARN_CONSTANT_CONVERSION = YES;
				CLANG_WARN_DEPRECATED_OBJC_IMPLEMENTATIONS = YES;
				CLANG_WARN_DIRECT_OBJC_ISA_USAGE = YES_ERROR;
				CLANG_WARN_DOCUMENTATION_COMMENTS = YES;
				CLANG_WARN_EMPTY_BODY = YES;
				CLANG_WARN_ENUM_CONVERSION = YES;
				CLANG_WARN_INFINITE_RECURSION = YES;
				CLANG_WARN_INT_CONVERSION = YES;
				CLANG_WARN_NON_LITERAL_NULL_CONVERSION = YES;
				CLANG_WARN_OBJC_IMPLICIT_RETAIN_SELF = YES;
				CLANG_WARN_OBJC_LITERAL_CONVERSION = YES;
				CLANG_WARN_OBJC_ROOT_CLASS = YES_ERROR;
				CLANG_WARN_RANGE_LOOP_ANALYSIS = YES;
				CLANG_WARN_STRICT_PROTOTYPES = YES;
				CLANG_WARN_SUSPICIOUS_MOVE = YES;
				CLANG_WARN_UNGUARDED_AVAILABILITY = YES_AGGRESSIVE;
				CLANG_WARN_UNREACHABLE_CODE = YES;
				CLANG_WARN__DUPLICATE_METHOD_MATCH = YES;
				COPY_PHASE_STRIP = NO;
				DEBUG_INFORMATION_FORMAT = dwarf;
				ENABLE_STRICT_OBJC_MSGSEND = YES;
				ENABLE_TESTABILITY = YES;
				GCC_C_LANGUAGE_STANDARD = gnu11;
				GCC_DYNAMIC_NO_PIC = NO;
				GCC_NO_COMMON_BLOCKS = YES;
				GCC_OPTIMIZATION_LEVEL = 0;
				GCC_PREPROCESSOR_DEFINITIONS = (
					"DEBUG=1",
					"$(inherited)",
				);
				GCC_WARN_64_TO_32_BIT_CONVERSION = YES;
				GCC_WARN_ABOUT_RETURN_TYPE = YES_ERROR;
				GCC_WARN_UNDECLARED_SELECTOR = YES;
				GCC_WARN_UNINITIALIZED_AUTOS = YES_AGGRESSIVE;
				GCC_WARN_UNUSED_FUNCTION = YES;
				GCC_WARN_UNUSED_VARIABLE = YES;
				IPHONEOS_DEPLOYMENT_TARGET = 13.6;
				MTL_ENABLE_DEBUG_INFO = INCLUDE_SOURCE;
				MTL_FAST_MATH = YES;
				ONLY_ACTIVE_ARCH = YES;
				SDKROOT = iphoneos;
				SWIFT_ACTIVE_COMPILATION_CONDITIONS = DEBUG;
				SWIFT_OPTIMIZATION_LEVEL = "-Onone";
			};
			name = Debug;
		};
		C4DE085624FA471700C34041 /* Release */ = {
			isa = XCBuildConfiguration;
			buildSettings = {
				ALWAYS_SEARCH_USER_PATHS = NO;
				CLANG_ANALYZER_NONNULL = YES;
				CLANG_ANALYZER_NUMBER_OBJECT_CONVERSION = YES_AGGRESSIVE;
				CLANG_CXX_LANGUAGE_STANDARD = "gnu++14";
				CLANG_CXX_LIBRARY = "libc++";
				CLANG_ENABLE_MODULES = YES;
				CLANG_ENABLE_OBJC_ARC = YES;
				CLANG_ENABLE_OBJC_WEAK = YES;
				CLANG_WARN_BLOCK_CAPTURE_AUTORELEASING = YES;
				CLANG_WARN_BOOL_CONVERSION = YES;
				CLANG_WARN_COMMA = YES;
				CLANG_WARN_CONSTANT_CONVERSION = YES;
				CLANG_WARN_DEPRECATED_OBJC_IMPLEMENTATIONS = YES;
				CLANG_WARN_DIRECT_OBJC_ISA_USAGE = YES_ERROR;
				CLANG_WARN_DOCUMENTATION_COMMENTS = YES;
				CLANG_WARN_EMPTY_BODY = YES;
				CLANG_WARN_ENUM_CONVERSION = YES;
				CLANG_WARN_INFINITE_RECURSION = YES;
				CLANG_WARN_INT_CONVERSION = YES;
				CLANG_WARN_NON_LITERAL_NULL_CONVERSION = YES;
				CLANG_WARN_OBJC_IMPLICIT_RETAIN_SELF = YES;
				CLANG_WARN_OBJC_LITERAL_CONVERSION = YES;
				CLANG_WARN_OBJC_ROOT_CLASS = YES_ERROR;
				CLANG_WARN_RANGE_LOOP_ANALYSIS = YES;
				CLANG_WARN_STRICT_PROTOTYPES = YES;
				CLANG_WARN_SUSPICIOUS_MOVE = YES;
				CLANG_WARN_UNGUARDED_AVAILABILITY = YES_AGGRESSIVE;
				CLANG_WARN_UNREACHABLE_CODE = YES;
				CLANG_WARN__DUPLICATE_METHOD_MATCH = YES;
				COPY_PHASE_STRIP = NO;
				DEBUG_INFORMATION_FORMAT = "dwarf-with-dsym";
				ENABLE_NS_ASSERTIONS = NO;
				ENABLE_STRICT_OBJC_MSGSEND = YES;
				GCC_C_LANGUAGE_STANDARD = gnu11;
				GCC_NO_COMMON_BLOCKS = YES;
				GCC_WARN_64_TO_32_BIT_CONVERSION = YES;
				GCC_WARN_ABOUT_RETURN_TYPE = YES_ERROR;
				GCC_WARN_UNDECLARED_SELECTOR = YES;
				GCC_WARN_UNINITIALIZED_AUTOS = YES_AGGRESSIVE;
				GCC_WARN_UNUSED_FUNCTION = YES;
				GCC_WARN_UNUSED_VARIABLE = YES;
				IPHONEOS_DEPLOYMENT_TARGET = 13.6;
				MTL_ENABLE_DEBUG_INFO = NO;
				MTL_FAST_MATH = YES;
				SDKROOT = iphoneos;
				SWIFT_COMPILATION_MODE = wholemodule;
				SWIFT_OPTIMIZATION_LEVEL = "-O";
				VALIDATE_PRODUCT = YES;
			};
			name = Release;
		};
		C4DE085824FA471700C34041 /* Debug */ = {
			isa = XCBuildConfiguration;
			buildSettings = {
				ASSETCATALOG_COMPILER_APPICON_NAME = AppIcon;
				CODE_SIGN_STYLE = Automatic;
				INFOPLIST_FILE = "AboutMe App/SuppotingFiles/Info.plist";
				LD_RUNPATH_SEARCH_PATHS = (
					"$(inherited)",
					"@executable_path/Frameworks",
				);
				PRODUCT_BUNDLE_IDENTIFIER = "com.example.AboutMe-App";
				PRODUCT_NAME = "$(TARGET_NAME)";
				SWIFT_VERSION = 5.0;
				TARGETED_DEVICE_FAMILY = "1,2";
			};
			name = Debug;
		};
		C4DE085924FA471700C34041 /* Release */ = {
			isa = XCBuildConfiguration;
			buildSettings = {
				ASSETCATALOG_COMPILER_APPICON_NAME = AppIcon;
				CODE_SIGN_STYLE = Automatic;
				INFOPLIST_FILE = "AboutMe App/SuppotingFiles/Info.plist";
				LD_RUNPATH_SEARCH_PATHS = (
					"$(inherited)",
					"@executable_path/Frameworks",
				);
				PRODUCT_BUNDLE_IDENTIFIER = "com.example.AboutMe-App";
				PRODUCT_NAME = "$(TARGET_NAME)";
				SWIFT_VERSION = 5.0;
				TARGETED_DEVICE_FAMILY = "1,2";
			};
			name = Release;
		};
/* End XCBuildConfiguration section */

/* Begin XCConfigurationList section */
		C4DE083E24FA471500C34041 /* Build configuration list for PBXProject "AboutMe App" */ = {
			isa = XCConfigurationList;
			buildConfigurations = (
				C4DE085524FA471700C34041 /* Debug */,
				C4DE085624FA471700C34041 /* Release */,
			);
			defaultConfigurationIsVisible = 0;
			defaultConfigurationName = Release;
		};
		C4DE085724FA471700C34041 /* Build configuration list for PBXNativeTarget "AboutMe App" */ = {
			isa = XCConfigurationList;
			buildConfigurations = (
				C4DE085824FA471700C34041 /* Debug */,
				C4DE085924FA471700C34041 /* Release */,
			);
			defaultConfigurationIsVisible = 0;
			defaultConfigurationName = Release;
		};
/* End XCConfigurationList section */
	};
	rootObject = C4DE083B24FA471500C34041 /* Project object */;
}
